
Microsoft Visual Studio Solution File, Format Version 12.00
# Visual Studio Version 17
VisualStudioVersion = 17.5.33414.496
MinimumVisualStudioVersion = 10.0.40219.1
Project("{FAE04EC0-301F-11D3-BF4B-00C04F79EFBC}") = "Rock-Paper-Scissors", "Rock-Paper-Scissors\Rock-Paper-Scissors.csproj", "{8DCEF0A9-F50B-4C1F-B068-9BA8AEBCD7DA}"
EndProject
Global
	GlobalSection(SolutionConfigurationPlatforms) = preSolution
		Debug|Any CPU = Debug|Any CPU
		Release|Any CPU = Release|Any CPU
	EndGlobalSection
	GlobalSection(ProjectConfigurationPlatforms) = postSolution
		{8DCEF0A9-F50B-4C1F-B068-9BA8AEBCD7DA}.Debug|Any CPU.ActiveCfg = Debug|Any CPU
		{8DCEF0A9-F50B-4C1F-B068-9BA8AEBCD7DA}.Debug|Any CPU.Build.0 = Debug|Any CPU
		{8DCEF0A9-F50B-4C1F-B068-9BA8AEBCD7DA}.Release|Any CPU.ActiveCfg = Release|Any CPU
		{8DCEF0A9-F50B-4C1F-B068-9BA8AEBCD7DA}.Release|Any CPU.Build.0 = Release|Any CPU
	EndGlobalSection
	GlobalSection(SolutionProperties) = preSolution
		HideSolutionNode = FALSE
	EndGlobalSection
	GlobalSection(ExtensibilityGlobals) = postSolution
		SolutionGuid = {C91B20AB-0948-41C2-BD1B-06FEA23FEFE0}
	EndGlobalSection
EndGlobal
